// !$*UTF8*$!
{
	archiveVersion = 1;
	classes = {
	};
	objectVersion = 46;
	objects = {

/* Begin PBXBuildFile section */
		3F0021BF1705425B003E30CD /* TestAction.m in Sources */ = {isa = PBXBuildFile; fileRef = 3F0021BE1705425B003E30CD /* TestAction.m */; };
		3F0021C4170561F9003E30CD /* Project.m in Sources */ = {isa = PBXBuildFile; fileRef = 3F0021C3170561F9003E30CD /* Project.m */; };
		3F0021C7170561FA003E30CD /* Tag.m in Sources */ = {isa = PBXBuildFile; fileRef = 3F0021C6170561FA003E30CD /* Tag.m */; };
		3F0021CA170561FA003E30CD /* Task.m in Sources */ = {isa = PBXBuildFile; fileRef = 3F0021C9170561FA003E30CD /* Task.m */; };
		3F0021D417058420003E30CD /* BTCrashReport.m in Sources */ = {isa = PBXBuildFile; fileRef = 3F0021D2170583D2003E30CD /* BTCrashReport.m */; };
		3F222C2716E9D782004CE15F /* UIKit.framework in Frameworks */ = {isa = PBXBuildFile; fileRef = 3F222C2616E9D782004CE15F /* UIKit.framework */; };
		3F222C2916E9D782004CE15F /* Foundation.framework in Frameworks */ = {isa = PBXBuildFile; fileRef = 3F222C2816E9D782004CE15F /* Foundation.framework */; };
		3F222C2B16E9D782004CE15F /* CoreGraphics.framework in Frameworks */ = {isa = PBXBuildFile; fileRef = 3F222C2A16E9D782004CE15F /* CoreGraphics.framework */; };
		3F222C3116E9D782004CE15F /* InfoPlist.strings in Resources */ = {isa = PBXBuildFile; fileRef = 3F222C2F16E9D782004CE15F /* InfoPlist.strings */; };
		3F222C3316E9D782004CE15F /* main.m in Sources */ = {isa = PBXBuildFile; fileRef = 3F222C3216E9D782004CE15F /* main.m */; };
		3F222C3716E9D782004CE15F /* BTAppDelegate.m in Sources */ = {isa = PBXBuildFile; fileRef = 3F222C3616E9D782004CE15F /* BTAppDelegate.m */; };
		3F222C3916E9D782004CE15F /* Default.png in Resources */ = {isa = PBXBuildFile; fileRef = 3F222C3816E9D782004CE15F /* Default.png */; };
		3F222C3B16E9D782004CE15F /* Default@2x.png in Resources */ = {isa = PBXBuildFile; fileRef = 3F222C3A16E9D782004CE15F /* Default@2x.png */; };
		3F222C3D16E9D782004CE15F /* Default-568h@2x.png in Resources */ = {isa = PBXBuildFile; fileRef = 3F222C3C16E9D782004CE15F /* Default-568h@2x.png */; };
		3F222C6E16E9D82F004CE15F /* EditTaskViewController.m in Sources */ = {isa = PBXBuildFile; fileRef = 3F222C5C16E9D82F004CE15F /* EditTaskViewController.m */; };
		3F222C6F16E9D82F004CE15F /* FetchListViewController.m in Sources */ = {isa = PBXBuildFile; fileRef = 3F222C5E16E9D82F004CE15F /* FetchListViewController.m */; };
		3F222C7016E9D82F004CE15F /* FetchRequestFactory.m in Sources */ = {isa = PBXBuildFile; fileRef = 3F222C6016E9D82F004CE15F /* FetchRequestFactory.m */; };
		3F222C7216E9D82F004CE15F /* ProjectListViewController.m in Sources */ = {isa = PBXBuildFile; fileRef = 3F222C6416E9D82F004CE15F /* ProjectListViewController.m */; };
		3F222C7316E9D82F004CE15F /* RootViewController.m in Sources */ = {isa = PBXBuildFile; fileRef = 3F222C6516E9D82F004CE15F /* RootViewController.m */; };
		3F222C7416E9D82F004CE15F /* SelectProjectViewController.m in Sources */ = {isa = PBXBuildFile; fileRef = 3F222C6716E9D82F004CE15F /* SelectProjectViewController.m */; };
		3F222C7616E9D82F004CE15F /* TaskListViewController.m in Sources */ = {isa = PBXBuildFile; fileRef = 3F222C6B16E9D82F004CE15F /* TaskListViewController.m */; };
		3F222C7716E9D82F004CE15F /* TaskListViewControllerEx.m in Sources */ = {isa = PBXBuildFile; fileRef = 3F222C6D16E9D82F004CE15F /* TaskListViewControllerEx.m */; };
		3F222C7C16E9D83A004CE15F /* CheckboxActive-N.png in Resources */ = {isa = PBXBuildFile; fileRef = 3F222C7816E9D83A004CE15F /* CheckboxActive-N.png */; };
		3F222C7D16E9D83A004CE15F /* CheckboxDone-N.png in Resources */ = {isa = PBXBuildFile; fileRef = 3F222C7916E9D83A004CE15F /* CheckboxDone-N.png */; };
		3F222C7E16E9D83A004CE15F /* Weido.xcdatamodeld in Sources */ = {isa = PBXBuildFile; fileRef = 3F222C7A16E9D83A004CE15F /* Weido.xcdatamodeld */; };
		3F222C8B16E9D984004CE15F /* CoreData.framework in Frameworks */ = {isa = PBXBuildFile; fileRef = 3F222C8A16E9D984004CE15F /* CoreData.framework */; };
		3FBA16B116F15B4900EC131B /* KPStore.m in Sources */ = {isa = PBXBuildFile; fileRef = 3FBA16AE16F15B4900EC131B /* KPStore.m */; };
		3FBA16B216F15B4900EC131B /* NSManagedObject+ActiveRecord.m in Sources */ = {isa = PBXBuildFile; fileRef = 3FBA16B016F15B4900EC131B /* NSManagedObject+ActiveRecord.m */; };
		3FBDFC391727BBA300DDA6AF /* BTSingleOperationQueue.m in Sources */ = {isa = PBXBuildFile; fileRef = 3FBDFC381727BBA300DDA6AF /* BTSingleOperationQueue.m */; };
		3FC4CEEE172BBE4500510EF1 /* UIKit.framework in Frameworks */ = {isa = PBXBuildFile; fileRef = 3F222C2616E9D782004CE15F /* UIKit.framework */; };
		3FC4CEEF172BBE4500510EF1 /* Foundation.framework in Frameworks */ = {isa = PBXBuildFile; fileRef = 3F222C2816E9D782004CE15F /* Foundation.framework */; };
		3FC4CEF0172BBE4500510EF1 /* CoreGraphics.framework in Frameworks */ = {isa = PBXBuildFile; fileRef = 3F222C2A16E9D782004CE15F /* CoreGraphics.framework */; };
		3FC4CEF6172BBE4500510EF1 /* InfoPlist.strings in Resources */ = {isa = PBXBuildFile; fileRef = 3FC4CEF4172BBE4500510EF1 /* InfoPlist.strings */; };
		3FC4CEF8172BBE4500510EF1 /* main.m in Sources */ = {isa = PBXBuildFile; fileRef = 3FC4CEF7172BBE4500510EF1 /* main.m */; };
		3FC4CEFE172BBE4500510EF1 /* Default.png in Resources */ = {isa = PBXBuildFile; fileRef = 3FC4CEFD172BBE4500510EF1 /* Default.png */; };
		3FC4CF00172BBE4500510EF1 /* Default@2x.png in Resources */ = {isa = PBXBuildFile; fileRef = 3FC4CEFF172BBE4500510EF1 /* Default@2x.png */; };
		3FC4CF02172BBE4500510EF1 /* Default-568h@2x.png in Resources */ = {isa = PBXBuildFile; fileRef = 3FC4CF01172BBE4500510EF1 /* Default-568h@2x.png */; };
		3FC4CF08172BBEF300510EF1 /* GHUnitIOS.framework in Frameworks */ = {isa = PBXBuildFile; fileRef = 3FC4CF07172BBEF300510EF1 /* GHUnitIOS.framework */; };
		3FC4CF0A172BBFC000510EF1 /* MyTest.m in Sources */ = {isa = PBXBuildFile; fileRef = 3FC4CF09172BBFC000510EF1 /* MyTest.m */; };
		3FC4CF0D172BC28500510EF1 /* BTCoreDataStoreTest.m in Sources */ = {isa = PBXBuildFile; fileRef = 3FC4CF0C172BC28500510EF1 /* BTCoreDataStoreTest.m */; };
		3FC4CF0E172BC46C00510EF1 /* BTCoreDataStore.m in Sources */ = {isa = PBXBuildFile; fileRef = 3FD51BDC1720F6120093D993 /* BTCoreDataStore.m */; };
		3FC4CF10172BC49F00510EF1 /* CoreData.framework in Frameworks */ = {isa = PBXBuildFile; fileRef = 3F222C8A16E9D984004CE15F /* CoreData.framework */; };
		3FC4CF11172BC64600510EF1 /* Project+Actions.m in Sources */ = {isa = PBXBuildFile; fileRef = 3FCD9C9D16F95E3D00B6E122 /* Project+Actions.m */; };
		3FC4CF12172BC64600510EF1 /* Task.m in Sources */ = {isa = PBXBuildFile; fileRef = 3F0021C9170561FA003E30CD /* Task.m */; };
		3FC4CF13172BC64600510EF1 /* Tag.m in Sources */ = {isa = PBXBuildFile; fileRef = 3F0021C6170561FA003E30CD /* Tag.m */; };
		3FC4CF14172BC64600510EF1 /* Project.m in Sources */ = {isa = PBXBuildFile; fileRef = 3F0021C3170561F9003E30CD /* Project.m */; };
		3FC4CF15172BC64600510EF1 /* Weido.xcdatamodeld in Sources */ = {isa = PBXBuildFile; fileRef = 3F222C7A16E9D83A004CE15F /* Weido.xcdatamodeld */; };
		3FC4CF1F172BC94100510EF1 /* libOCMock.a in Frameworks */ = {isa = PBXBuildFile; fileRef = 3FC4CF1E172BC94100510EF1 /* libOCMock.a */; };
		3FCD9C9E16F95E3D00B6E122 /* Project+Actions.m in Sources */ = {isa = PBXBuildFile; fileRef = 3FCD9C9D16F95E3D00B6E122 /* Project+Actions.m */; };
		3FD51BDD1720F6120093D993 /* BTCoreDataStore.m in Sources */ = {isa = PBXBuildFile; fileRef = 3FD51BDC1720F6120093D993 /* BTCoreDataStore.m */; };
/* End PBXBuildFile section */

/* Begin PBXFileReference section */
		3F0021BD1705425B003E30CD /* TestAction.h */ = {isa = PBXFileReference; fileEncoding = 4; lastKnownFileType = sourcecode.c.h; path = TestAction.h; sourceTree = "<group>"; };
		3F0021BE1705425B003E30CD /* TestAction.m */ = {isa = PBXFileReference; fileEncoding = 4; lastKnownFileType = sourcecode.c.objc; path = TestAction.m; sourceTree = "<group>"; };
		3F0021C1170560DF003E30CD /* RootViewController.h */ = {isa = PBXFileReference; fileEncoding = 4; lastKnownFileType = sourcecode.c.h; path = RootViewController.h; sourceTree = "<group>"; };
		3F0021C2170561F9003E30CD /* Project.h */ = {isa = PBXFileReference; fileEncoding = 4; lastKnownFileType = sourcecode.c.h; path = Project.h; sourceTree = "<group>"; };
		3F0021C3170561F9003E30CD /* Project.m */ = {isa = PBXFileReference; fileEncoding = 4; lastKnownFileType = sourcecode.c.objc; path = Project.m; sourceTree = "<group>"; };
		3F0021C5170561FA003E30CD /* Tag.h */ = {isa = PBXFileReference; fileEncoding = 4; lastKnownFileType = sourcecode.c.h; path = Tag.h; sourceTree = "<group>"; };
		3F0021C6170561FA003E30CD /* Tag.m */ = {isa = PBXFileReference; fileEncoding = 4; lastKnownFileType = sourcecode.c.objc; path = Tag.m; sourceTree = "<group>"; };
		3F0021C8170561FA003E30CD /* Task.h */ = {isa = PBXFileReference; fileEncoding = 4; lastKnownFileType = sourcecode.c.h; path = Task.h; sourceTree = "<group>"; };
		3F0021C9170561FA003E30CD /* Task.m */ = {isa = PBXFileReference; fileEncoding = 4; lastKnownFileType = sourcecode.c.objc; path = Task.m; sourceTree = "<group>"; };
		3F0021D1170583D2003E30CD /* BTCrashReport.h */ = {isa = PBXFileReference; fileEncoding = 4; lastKnownFileType = sourcecode.c.h; path = BTCrashReport.h; sourceTree = "<group>"; };
		3F0021D2170583D2003E30CD /* BTCrashReport.m */ = {isa = PBXFileReference; fileEncoding = 4; lastKnownFileType = sourcecode.c.objc; path = BTCrashReport.m; sourceTree = "<group>"; };
		3F222C2216E9D782004CE15F /* Weido.app */ = {isa = PBXFileReference; explicitFileType = wrapper.application; includeInIndex = 0; path = Weido.app; sourceTree = BUILT_PRODUCTS_DIR; };
		3F222C2616E9D782004CE15F /* UIKit.framework */ = {isa = PBXFileReference; lastKnownFileType = wrapper.framework; name = UIKit.framework; path = System/Library/Frameworks/UIKit.framework; sourceTree = SDKROOT; };
		3F222C2816E9D782004CE15F /* Foundation.framework */ = {isa = PBXFileReference; lastKnownFileType = wrapper.framework; name = Foundation.framework; path = System/Library/Frameworks/Foundation.framework; sourceTree = SDKROOT; };
		3F222C2A16E9D782004CE15F /* CoreGraphics.framework */ = {isa = PBXFileReference; lastKnownFileType = wrapper.framework; name = CoreGraphics.framework; path = System/Library/Frameworks/CoreGraphics.framework; sourceTree = SDKROOT; };
		3F222C2E16E9D782004CE15F /* Weido-Info.plist */ = {isa = PBXFileReference; lastKnownFileType = text.plist.xml; path = "Weido-Info.plist"; sourceTree = "<group>"; };
		3F222C3016E9D782004CE15F /* en */ = {isa = PBXFileReference; lastKnownFileType = text.plist.strings; name = en; path = en.lproj/InfoPlist.strings; sourceTree = "<group>"; };
		3F222C3216E9D782004CE15F /* main.m */ = {isa = PBXFileReference; lastKnownFileType = sourcecode.c.objc; path = main.m; sourceTree = "<group>"; };
		3F222C3416E9D782004CE15F /* Weido-Prefix.pch */ = {isa = PBXFileReference; lastKnownFileType = sourcecode.c.h; path = "Weido-Prefix.pch"; sourceTree = "<group>"; };
		3F222C3516E9D782004CE15F /* BTAppDelegate.h */ = {isa = PBXFileReference; lastKnownFileType = sourcecode.c.h; path = BTAppDelegate.h; sourceTree = "<group>"; };
		3F222C3616E9D782004CE15F /* BTAppDelegate.m */ = {isa = PBXFileReference; lastKnownFileType = sourcecode.c.objc; path = BTAppDelegate.m; sourceTree = "<group>"; };
		3F222C3816E9D782004CE15F /* Default.png */ = {isa = PBXFileReference; lastKnownFileType = image.png; path = Default.png; sourceTree = "<group>"; };
		3F222C3A16E9D782004CE15F /* Default@2x.png */ = {isa = PBXFileReference; lastKnownFileType = image.png; path = "Default@2x.png"; sourceTree = "<group>"; };
		3F222C3C16E9D782004CE15F /* Default-568h@2x.png */ = {isa = PBXFileReference; lastKnownFileType = image.png; path = "Default-568h@2x.png"; sourceTree = "<group>"; };
		3F222C4416E9D782004CE15F /* SenTestingKit.framework */ = {isa = PBXFileReference; lastKnownFileType = wrapper.framework; name = SenTestingKit.framework; path = Library/Frameworks/SenTestingKit.framework; sourceTree = DEVELOPER_DIR; };
		3F222C5B16E9D82F004CE15F /* EditTaskViewController.h */ = {isa = PBXFileReference; fileEncoding = 4; lastKnownFileType = sourcecode.c.h; path = EditTaskViewController.h; sourceTree = "<group>"; };
		3F222C5C16E9D82F004CE15F /* EditTaskViewController.m */ = {isa = PBXFileReference; fileEncoding = 4; lastKnownFileType = sourcecode.c.objc; path = EditTaskViewController.m; sourceTree = "<group>"; };
		3F222C5D16E9D82F004CE15F /* FetchListViewController.h */ = {isa = PBXFileReference; fileEncoding = 4; lastKnownFileType = sourcecode.c.h; path = FetchListViewController.h; sourceTree = "<group>"; };
		3F222C5E16E9D82F004CE15F /* FetchListViewController.m */ = {isa = PBXFileReference; fileEncoding = 4; lastKnownFileType = sourcecode.c.objc; path = FetchListViewController.m; sourceTree = "<group>"; };
		3F222C5F16E9D82F004CE15F /* FetchRequestFactory.h */ = {isa = PBXFileReference; fileEncoding = 4; lastKnownFileType = sourcecode.c.h; path = FetchRequestFactory.h; sourceTree = "<group>"; };
		3F222C6016E9D82F004CE15F /* FetchRequestFactory.m */ = {isa = PBXFileReference; fileEncoding = 4; lastKnownFileType = sourcecode.c.objc; path = FetchRequestFactory.m; sourceTree = "<group>"; };
		3F222C6316E9D82F004CE15F /* ProjectListViewController.h */ = {isa = PBXFileReference; fileEncoding = 4; lastKnownFileType = sourcecode.c.h; path = ProjectListViewController.h; sourceTree = "<group>"; };
		3F222C6416E9D82F004CE15F /* ProjectListViewController.m */ = {isa = PBXFileReference; fileEncoding = 4; lastKnownFileType = sourcecode.c.objc; path = ProjectListViewController.m; sourceTree = "<group>"; };
		3F222C6516E9D82F004CE15F /* RootViewController.m */ = {isa = PBXFileReference; fileEncoding = 4; lastKnownFileType = sourcecode.c.objc; path = RootViewController.m; sourceTree = "<group>"; };
		3F222C6616E9D82F004CE15F /* SelectProjectViewController.h */ = {isa = PBXFileReference; fileEncoding = 4; lastKnownFileType = sourcecode.c.h; path = SelectProjectViewController.h; sourceTree = "<group>"; };
		3F222C6716E9D82F004CE15F /* SelectProjectViewController.m */ = {isa = PBXFileReference; fileEncoding = 4; lastKnownFileType = sourcecode.c.objc; path = SelectProjectViewController.m; sourceTree = "<group>"; };
		3F222C6A16E9D82F004CE15F /* TaskListViewController.h */ = {isa = PBXFileReference; fileEncoding = 4; lastKnownFileType = sourcecode.c.h; path = TaskListViewController.h; sourceTree = "<group>"; };
		3F222C6B16E9D82F004CE15F /* TaskListViewController.m */ = {isa = PBXFileReference; fileEncoding = 4; lastKnownFileType = sourcecode.c.objc; path = TaskListViewController.m; sourceTree = "<group>"; };
		3F222C6C16E9D82F004CE15F /* TaskListViewControllerEx.h */ = {isa = PBXFileReference; fileEncoding = 4; lastKnownFileType = sourcecode.c.h; path = TaskListViewControllerEx.h; sourceTree = "<group>"; };
		3F222C6D16E9D82F004CE15F /* TaskListViewControllerEx.m */ = {isa = PBXFileReference; fileEncoding = 4; lastKnownFileType = sourcecode.c.objc; path = TaskListViewControllerEx.m; sourceTree = "<group>"; };
		3F222C7816E9D83A004CE15F /* CheckboxActive-N.png */ = {isa = PBXFileReference; lastKnownFileType = image.png; path = "CheckboxActive-N.png"; sourceTree = "<group>"; };
		3F222C7916E9D83A004CE15F /* CheckboxDone-N.png */ = {isa = PBXFileReference; lastKnownFileType = image.png; path = "CheckboxDone-N.png"; sourceTree = "<group>"; };
		3F222C7B16E9D83A004CE15F /* Todo.xcdatamodel */ = {isa = PBXFileReference; lastKnownFileType = wrapper.xcdatamodel; path = Todo.xcdatamodel; sourceTree = "<group>"; };
		3F222C8A16E9D984004CE15F /* CoreData.framework */ = {isa = PBXFileReference; lastKnownFileType = wrapper.framework; name = CoreData.framework; path = System/Library/Frameworks/CoreData.framework; sourceTree = SDKROOT; };
		3FBA16AD16F15B4900EC131B /* KPStore.h */ = {isa = PBXFileReference; fileEncoding = 4; lastKnownFileType = sourcecode.c.h; path = KPStore.h; sourceTree = "<group>"; };
		3FBA16AE16F15B4900EC131B /* KPStore.m */ = {isa = PBXFileReference; fileEncoding = 4; lastKnownFileType = sourcecode.c.objc; path = KPStore.m; sourceTree = "<group>"; };
		3FBA16AF16F15B4900EC131B /* NSManagedObject+ActiveRecord.h */ = {isa = PBXFileReference; fileEncoding = 4; lastKnownFileType = sourcecode.c.h; path = "NSManagedObject+ActiveRecord.h"; sourceTree = "<group>"; };
		3FBA16B016F15B4900EC131B /* NSManagedObject+ActiveRecord.m */ = {isa = PBXFileReference; fileEncoding = 4; lastKnownFileType = sourcecode.c.objc; path = "NSManagedObject+ActiveRecord.m"; sourceTree = "<group>"; };
		3FBA16B316F15D7100EC131B /* KPStore+ActiveRecord.h */ = {isa = PBXFileReference; fileEncoding = 4; lastKnownFileType = sourcecode.c.h; path = "KPStore+ActiveRecord.h"; sourceTree = "<group>"; };
		3FBDFC371727BBA300DDA6AF /* BTSingleOperationQueue.h */ = {isa = PBXFileReference; fileEncoding = 4; lastKnownFileType = sourcecode.c.h; path = BTSingleOperationQueue.h; sourceTree = "<group>"; };
		3FBDFC381727BBA300DDA6AF /* BTSingleOperationQueue.m */ = {isa = PBXFileReference; fileEncoding = 4; lastKnownFileType = sourcecode.c.objc; path = BTSingleOperationQueue.m; sourceTree = "<group>"; };
		3FC4CEEC172BBE4500510EF1 /* test.app */ = {isa = PBXFileReference; explicitFileType = wrapper.application; includeInIndex = 0; path = test.app; sourceTree = BUILT_PRODUCTS_DIR; };
		3FC4CEF3172BBE4500510EF1 /* test-Info.plist */ = {isa = PBXFileReference; lastKnownFileType = text.plist.xml; path = "test-Info.plist"; sourceTree = "<group>"; };
		3FC4CEF5172BBE4500510EF1 /* en */ = {isa = PBXFileReference; lastKnownFileType = text.plist.strings; name = en; path = en.lproj/InfoPlist.strings; sourceTree = "<group>"; };
		3FC4CEF7172BBE4500510EF1 /* main.m */ = {isa = PBXFileReference; lastKnownFileType = sourcecode.c.objc; path = main.m; sourceTree = "<group>"; };
		3FC4CEF9172BBE4500510EF1 /* test-Prefix.pch */ = {isa = PBXFileReference; lastKnownFileType = sourcecode.c.h; path = "test-Prefix.pch"; sourceTree = "<group>"; };
		3FC4CEFD172BBE4500510EF1 /* Default.png */ = {isa = PBXFileReference; lastKnownFileType = image.png; path = Default.png; sourceTree = "<group>"; };
		3FC4CEFF172BBE4500510EF1 /* Default@2x.png */ = {isa = PBXFileReference; lastKnownFileType = image.png; path = "Default@2x.png"; sourceTree = "<group>"; };
		3FC4CF01172BBE4500510EF1 /* Default-568h@2x.png */ = {isa = PBXFileReference; lastKnownFileType = image.png; path = "Default-568h@2x.png"; sourceTree = "<group>"; };
		3FC4CF07172BBEF300510EF1 /* GHUnitIOS.framework */ = {isa = PBXFileReference; lastKnownFileType = wrapper.framework; path = GHUnitIOS.framework; sourceTree = "<group>"; };
		3FC4CF09172BBFC000510EF1 /* MyTest.m */ = {isa = PBXFileReference; fileEncoding = 4; lastKnownFileType = sourcecode.c.objc; path = MyTest.m; sourceTree = "<group>"; };
		3FC4CF0C172BC28500510EF1 /* BTCoreDataStoreTest.m */ = {isa = PBXFileReference; fileEncoding = 4; lastKnownFileType = sourcecode.c.objc; path = BTCoreDataStoreTest.m; sourceTree = "<group>"; };
		3FC4CF18172BC92B00510EF1 /* NSNotificationCenter+OCMAdditions.h */ = {isa = PBXFileReference; fileEncoding = 4; lastKnownFileType = sourcecode.c.h; path = "NSNotificationCenter+OCMAdditions.h"; sourceTree = "<group>"; };
		3FC4CF19172BC92B00510EF1 /* OCMArg.h */ = {isa = PBXFileReference; fileEncoding = 4; lastKnownFileType = sourcecode.c.h; path = OCMArg.h; sourceTree = "<group>"; };
		3FC4CF1A172BC92B00510EF1 /* OCMConstraint.h */ = {isa = PBXFileReference; fileEncoding = 4; lastKnownFileType = sourcecode.c.h; path = OCMConstraint.h; sourceTree = "<group>"; };
		3FC4CF1B172BC92B00510EF1 /* OCMock.h */ = {isa = PBXFileReference; fileEncoding = 4; lastKnownFileType = sourcecode.c.h; path = OCMock.h; sourceTree = "<group>"; };
		3FC4CF1C172BC92B00510EF1 /* OCMockObject.h */ = {isa = PBXFileReference; fileEncoding = 4; lastKnownFileType = sourcecode.c.h; path = OCMockObject.h; sourceTree = "<group>"; };
		3FC4CF1D172BC92B00510EF1 /* OCMockRecorder.h */ = {isa = PBXFileReference; fileEncoding = 4; lastKnownFileType = sourcecode.c.h; path = OCMockRecorder.h; sourceTree = "<group>"; };
		3FC4CF1E172BC94100510EF1 /* libOCMock.a */ = {isa = PBXFileReference; lastKnownFileType = archive.ar; path = libOCMock.a; sourceTree = "<group>"; };
		3FCD9C9C16F95E3D00B6E122 /* Project+Actions.h */ = {isa = PBXFileReference; fileEncoding = 4; lastKnownFileType = sourcecode.c.h; path = "Project+Actions.h"; sourceTree = "<group>"; };
		3FCD9C9D16F95E3D00B6E122 /* Project+Actions.m */ = {isa = PBXFileReference; fileEncoding = 4; lastKnownFileType = sourcecode.c.objc; path = "Project+Actions.m"; sourceTree = "<group>"; };
		3FD51BDB1720F6120093D993 /* BTCoreDataStore.h */ = {isa = PBXFileReference; fileEncoding = 4; lastKnownFileType = sourcecode.c.h; path = BTCoreDataStore.h; sourceTree = "<group>"; };
		3FD51BDC1720F6120093D993 /* BTCoreDataStore.m */ = {isa = PBXFileReference; fileEncoding = 4; lastKnownFileType = sourcecode.c.objc; path = BTCoreDataStore.m; sourceTree = "<group>"; };
/* End PBXFileReference section */

/* Begin PBXFrameworksBuildPhase section */
		3F222C1F16E9D782004CE15F /* Frameworks */ = {
			isa = PBXFrameworksBuildPhase;
			buildActionMask = 2147483647;
			files = (
				3F222C8B16E9D984004CE15F /* CoreData.framework in Frameworks */,
				3F222C2716E9D782004CE15F /* UIKit.framework in Frameworks */,
				3F222C2916E9D782004CE15F /* Foundation.framework in Frameworks */,
				3F222C2B16E9D782004CE15F /* CoreGraphics.framework in Frameworks */,
			);
			runOnlyForDeploymentPostprocessing = 0;
		};
		3FC4CEE9172BBE4500510EF1 /* Frameworks */ = {
			isa = PBXFrameworksBuildPhase;
			buildActionMask = 2147483647;
			files = (
				3FC4CF10172BC49F00510EF1 /* CoreData.framework in Frameworks */,
				3FC4CEEE172BBE4500510EF1 /* UIKit.framework in Frameworks */,
				3FC4CEEF172BBE4500510EF1 /* Foundation.framework in Frameworks */,
				3FC4CEF0172BBE4500510EF1 /* CoreGraphics.framework in Frameworks */,
				3FC4CF08172BBEF300510EF1 /* GHUnitIOS.framework in Frameworks */,
				3FC4CF1F172BC94100510EF1 /* libOCMock.a in Frameworks */,
			);
			runOnlyForDeploymentPostprocessing = 0;
		};
/* End PBXFrameworksBuildPhase section */

/* Begin PBXGroup section */
		3F222C1716E9D782004CE15F = {
			isa = PBXGroup;
			children = (
				3FBA16AC16F15B4900EC131B /* KPStore */,
				3F222C2C16E9D782004CE15F /* Weido */,
				3FC4CEF1172BBE4500510EF1 /* test */,
				3FC4CF16172BC8F700510EF1 /* Libraries */,
				3F222C2516E9D782004CE15F /* Frameworks */,
				3F222C2316E9D782004CE15F /* Products */,
			);
			sourceTree = "<group>";
		};
		3F222C2316E9D782004CE15F /* Products */ = {
			isa = PBXGroup;
			children = (
				3F222C2216E9D782004CE15F /* Weido.app */,
				3FC4CEEC172BBE4500510EF1 /* test.app */,
			);
			name = Products;
			sourceTree = "<group>";
		};
		3F222C2516E9D782004CE15F /* Frameworks */ = {
			isa = PBXGroup;
			children = (
				3FC4CF07172BBEF300510EF1 /* GHUnitIOS.framework */,
				3F222C8A16E9D984004CE15F /* CoreData.framework */,
				3F222C2616E9D782004CE15F /* UIKit.framework */,
				3F222C2816E9D782004CE15F /* Foundation.framework */,
				3F222C2A16E9D782004CE15F /* CoreGraphics.framework */,
				3F222C4416E9D782004CE15F /* SenTestingKit.framework */,
			);
			name = Frameworks;
			sourceTree = "<group>";
		};
		3F222C2C16E9D782004CE15F /* Weido */ = {
			isa = PBXGroup;
			children = (
				3F0021D1170583D2003E30CD /* BTCrashReport.h */,
				3F0021D2170583D2003E30CD /* BTCrashReport.m */,
				3F222C8D16E9DA44004CE15F /* CDObjects */,
				3F222C8C16E9DA37004CE15F /* Actions */,
				3F222C5B16E9D82F004CE15F /* EditTaskViewController.h */,
				3F222C5C16E9D82F004CE15F /* EditTaskViewController.m */,
				3F222C5D16E9D82F004CE15F /* FetchListViewController.h */,
				3F222C5E16E9D82F004CE15F /* FetchListViewController.m */,
				3F222C5F16E9D82F004CE15F /* FetchRequestFactory.h */,
				3F222C6016E9D82F004CE15F /* FetchRequestFactory.m */,
				3F222C6316E9D82F004CE15F /* ProjectListViewController.h */,
				3F222C6416E9D82F004CE15F /* ProjectListViewController.m */,
				3F0021C1170560DF003E30CD /* RootViewController.h */,
				3F222C6516E9D82F004CE15F /* RootViewController.m */,
				3F222C6616E9D82F004CE15F /* SelectProjectViewController.h */,
				3F222C6716E9D82F004CE15F /* SelectProjectViewController.m */,
				3F222C6A16E9D82F004CE15F /* TaskListViewController.h */,
				3F222C6B16E9D82F004CE15F /* TaskListViewController.m */,
				3F222C6C16E9D82F004CE15F /* TaskListViewControllerEx.h */,
				3F222C6D16E9D82F004CE15F /* TaskListViewControllerEx.m */,
				3F222C3516E9D782004CE15F /* BTAppDelegate.h */,
				3F222C3616E9D782004CE15F /* BTAppDelegate.m */,
				3F222C2D16E9D782004CE15F /* Supporting Files */,
			);
			path = Weido;
			sourceTree = "<group>";
		};
		3F222C2D16E9D782004CE15F /* Supporting Files */ = {
			isa = PBXGroup;
			children = (
				3F222C7816E9D83A004CE15F /* CheckboxActive-N.png */,
				3F222C7916E9D83A004CE15F /* CheckboxDone-N.png */,
				3F222C7A16E9D83A004CE15F /* Weido.xcdatamodeld */,
				3F222C2E16E9D782004CE15F /* Weido-Info.plist */,
				3F222C2F16E9D782004CE15F /* InfoPlist.strings */,
				3F222C3216E9D782004CE15F /* main.m */,
				3F222C3416E9D782004CE15F /* Weido-Prefix.pch */,
				3F222C3816E9D782004CE15F /* Default.png */,
				3F222C3A16E9D782004CE15F /* Default@2x.png */,
				3F222C3C16E9D782004CE15F /* Default-568h@2x.png */,
			);
			name = "Supporting Files";
			sourceTree = "<group>";
		};
		3F222C8C16E9DA37004CE15F /* Actions */ = {
			isa = PBXGroup;
			children = (
				3F0021BD1705425B003E30CD /* TestAction.h */,
				3F0021BE1705425B003E30CD /* TestAction.m */,
			);
			name = Actions;
			sourceTree = "<group>";
		};
		3F222C8D16E9DA44004CE15F /* CDObjects */ = {
			isa = PBXGroup;
			children = (
				3FCD9C9C16F95E3D00B6E122 /* Project+Actions.h */,
				3FCD9C9D16F95E3D00B6E122 /* Project+Actions.m */,
				3F0021C8170561FA003E30CD /* Task.h */,
				3F0021C9170561FA003E30CD /* Task.m */,
				3F0021C5170561FA003E30CD /* Tag.h */,
				3F0021C6170561FA003E30CD /* Tag.m */,
				3F0021C2170561F9003E30CD /* Project.h */,
				3F0021C3170561F9003E30CD /* Project.m */,
			);
			name = CDObjects;
			sourceTree = "<group>";
		};
		3FBA16AC16F15B4900EC131B /* KPStore */ = {
			isa = PBXGroup;
			children = (
				3FBDFC371727BBA300DDA6AF /* BTSingleOperationQueue.h */,
				3FBDFC381727BBA300DDA6AF /* BTSingleOperationQueue.m */,
				3FBA16AD16F15B4900EC131B /* KPStore.h */,
				3FBA16AE16F15B4900EC131B /* KPStore.m */,
				3FBA16AF16F15B4900EC131B /* NSManagedObject+ActiveRecord.h */,
				3FBA16B016F15B4900EC131B /* NSManagedObject+ActiveRecord.m */,
				3FBA16B316F15D7100EC131B /* KPStore+ActiveRecord.h */,
				3FD51BDB1720F6120093D993 /* BTCoreDataStore.h */,
				3FD51BDC1720F6120093D993 /* BTCoreDataStore.m */,
			);
			name = KPStore;
			path = ../KPStore;
			sourceTree = "<group>";
		};
		3FC4CEF1172BBE4500510EF1 /* test */ = {
			isa = PBXGroup;
			children = (
				3FC4CF09172BBFC000510EF1 /* MyTest.m */,
				3FC4CF0C172BC28500510EF1 /* BTCoreDataStoreTest.m */,
				3FC4CEF2172BBE4500510EF1 /* Supporting Files */,
			);
			path = test;
			sourceTree = "<group>";
		};
		3FC4CEF2172BBE4500510EF1 /* Supporting Files */ = {
			isa = PBXGroup;
			children = (
				3FC4CEF3172BBE4500510EF1 /* test-Info.plist */,
				3FC4CEF4172BBE4500510EF1 /* InfoPlist.strings */,
				3FC4CEF7172BBE4500510EF1 /* main.m */,
				3FC4CEF9172BBE4500510EF1 /* test-Prefix.pch */,
				3FC4CEFD172BBE4500510EF1 /* Default.png */,
				3FC4CEFF172BBE4500510EF1 /* Default@2x.png */,
				3FC4CF01172BBE4500510EF1 /* Default-568h@2x.png */,
			);
			name = "Supporting Files";
			sourceTree = "<group>";
		};
		3FC4CF16172BC8F700510EF1 /* Libraries */ = {
			isa = PBXGroup;
			children = (
				3FC4CF1E172BC94100510EF1 /* libOCMock.a */,
				3FC4CF17172BC92B00510EF1 /* OCMock */,
			);
			name = Libraries;
			sourceTree = "<group>";
		};
		3FC4CF17172BC92B00510EF1 /* OCMock */ = {
			isa = PBXGroup;
			children = (
				3FC4CF18172BC92B00510EF1 /* NSNotificationCenter+OCMAdditions.h */,
				3FC4CF19172BC92B00510EF1 /* OCMArg.h */,
				3FC4CF1A172BC92B00510EF1 /* OCMConstraint.h */,
				3FC4CF1B172BC92B00510EF1 /* OCMock.h */,
				3FC4CF1C172BC92B00510EF1 /* OCMockObject.h */,
				3FC4CF1D172BC92B00510EF1 /* OCMockRecorder.h */,
			);
			path = OCMock;
			sourceTree = "<group>";
		};
/* End PBXGroup section */

/* Begin PBXNativeTarget section */
		3F222C2116E9D782004CE15F /* Weido */ = {
			isa = PBXNativeTarget;
			buildConfigurationList = 3F222C5516E9D782004CE15F /* Build configuration list for PBXNativeTarget "Weido" */;
			buildPhases = (
				3F222C1E16E9D782004CE15F /* Sources */,
				3F222C1F16E9D782004CE15F /* Frameworks */,
				3F222C2016E9D782004CE15F /* Resources */,
			);
			buildRules = (
			);
			dependencies = (
			);
			name = Weido;
			productName = Weido;
			productReference = 3F222C2216E9D782004CE15F /* Weido.app */;
			productType = "com.apple.product-type.application";
		};
		3FC4CEEB172BBE4500510EF1 /* test */ = {
			isa = PBXNativeTarget;
			buildConfigurationList = 3FC4CF05172BBE4500510EF1 /* Build configuration list for PBXNativeTarget "test" */;
			buildPhases = (
				3FC4CEE8172BBE4500510EF1 /* Sources */,
				3FC4CEE9172BBE4500510EF1 /* Frameworks */,
				3FC4CEEA172BBE4500510EF1 /* Resources */,
			);
			buildRules = (
			);
			dependencies = (
			);
			name = test;
			productName = test;
			productReference = 3FC4CEEC172BBE4500510EF1 /* test.app */;
			productType = "com.apple.product-type.application";
		};
/* End PBXNativeTarget section */

/* Begin PBXProject section */
		3F222C1916E9D782004CE15F /* Project object */ = {
			isa = PBXProject;
			attributes = {
				CLASSPREFIX = BT;
				LastUpgradeCheck = 0450;
				ORGANIZATIONNAME = "He baochen";
			};
			buildConfigurationList = 3F222C1C16E9D782004CE15F /* Build configuration list for PBXProject "Weido" */;
			compatibilityVersion = "Xcode 3.2";
			developmentRegion = English;
			hasScannedForEncodings = 0;
			knownRegions = (
				en,
			);
			mainGroup = 3F222C1716E9D782004CE15F;
			productRefGroup = 3F222C2316E9D782004CE15F /* Products */;
			projectDirPath = "";
			projectRoot = "";
			targets = (
				3F222C2116E9D782004CE15F /* Weido */,
				3FC4CEEB172BBE4500510EF1 /* test */,
			);
		};
/* End PBXProject section */

/* Begin PBXResourcesBuildPhase section */
		3F222C2016E9D782004CE15F /* Resources */ = {
			isa = PBXResourcesBuildPhase;
			buildActionMask = 2147483647;
			files = (
				3F222C3116E9D782004CE15F /* InfoPlist.strings in Resources */,
				3F222C3916E9D782004CE15F /* Default.png in Resources */,
				3F222C3B16E9D782004CE15F /* Default@2x.png in Resources */,
				3F222C3D16E9D782004CE15F /* Default-568h@2x.png in Resources */,
				3F222C7C16E9D83A004CE15F /* CheckboxActive-N.png in Resources */,
				3F222C7D16E9D83A004CE15F /* CheckboxDone-N.png in Resources */,
			);
			runOnlyForDeploymentPostprocessing = 0;
		};
		3FC4CEEA172BBE4500510EF1 /* Resources */ = {
			isa = PBXResourcesBuildPhase;
			buildActionMask = 2147483647;
			files = (
				3FC4CEF6172BBE4500510EF1 /* InfoPlist.strings in Resources */,
				3FC4CEFE172BBE4500510EF1 /* Default.png in Resources */,
				3FC4CF00172BBE4500510EF1 /* Default@2x.png in Resources */,
				3FC4CF02172BBE4500510EF1 /* Default-568h@2x.png in Resources */,
			);
			runOnlyForDeploymentPostprocessing = 0;
		};
/* End PBXResourcesBuildPhase section */

/* Begin PBXSourcesBuildPhase section */
		3F222C1E16E9D782004CE15F /* Sources */ = {
			isa = PBXSourcesBuildPhase;
			buildActionMask = 2147483647;
			files = (
				3F222C3316E9D782004CE15F /* main.m in Sources */,
				3F222C3716E9D782004CE15F /* BTAppDelegate.m in Sources */,
				3F222C6E16E9D82F004CE15F /* EditTaskViewController.m in Sources */,
				3F222C6F16E9D82F004CE15F /* FetchListViewController.m in Sources */,
				3F222C7016E9D82F004CE15F /* FetchRequestFactory.m in Sources */,
				3F222C7216E9D82F004CE15F /* ProjectListViewController.m in Sources */,
				3F222C7316E9D82F004CE15F /* RootViewController.m in Sources */,
				3F222C7416E9D82F004CE15F /* SelectProjectViewController.m in Sources */,
				3F222C7616E9D82F004CE15F /* TaskListViewController.m in Sources */,
				3F0021D417058420003E30CD /* BTCrashReport.m in Sources */,
				3F222C7716E9D82F004CE15F /* TaskListViewControllerEx.m in Sources */,
				3F222C7E16E9D83A004CE15F /* Weido.xcdatamodeld in Sources */,
				3FBA16B116F15B4900EC131B /* KPStore.m in Sources */,
				3FBA16B216F15B4900EC131B /* NSManagedObject+ActiveRecord.m in Sources */,
				3FCD9C9E16F95E3D00B6E122 /* Project+Actions.m in Sources */,
				3F0021BF1705425B003E30CD /* TestAction.m in Sources */,
				3F0021C4170561F9003E30CD /* Project.m in Sources */,
				3F0021C7170561FA003E30CD /* Tag.m in Sources */,
				3F0021CA170561FA003E30CD /* Task.m in Sources */,
				3FD51BDD1720F6120093D993 /* BTCoreDataStore.m in Sources */,
				3FBDFC391727BBA300DDA6AF /* BTSingleOperationQueue.m in Sources */,
			);
			runOnlyForDeploymentPostprocessing = 0;
		};
		3FC4CEE8172BBE4500510EF1 /* Sources */ = {
			isa = PBXSourcesBuildPhase;
			buildActionMask = 2147483647;
			files = (
				3FC4CF11172BC64600510EF1 /* Project+Actions.m in Sources */,
				3FC4CF12172BC64600510EF1 /* Task.m in Sources */,
				3FC4CF13172BC64600510EF1 /* Tag.m in Sources */,
				3FC4CF14172BC64600510EF1 /* Project.m in Sources */,
				3FC4CF15172BC64600510EF1 /* Weido.xcdatamodeld in Sources */,
				3FC4CF0E172BC46C00510EF1 /* BTCoreDataStore.m in Sources */,
				3FC4CEF8172BBE4500510EF1 /* main.m in Sources */,
				3FC4CF0A172BBFC000510EF1 /* MyTest.m in Sources */,
				3FC4CF0D172BC28500510EF1 /* BTCoreDataStoreTest.m in Sources */,
			);
			runOnlyForDeploymentPostprocessing = 0;
		};
/* End PBXSourcesBuildPhase section */

/* Begin PBXVariantGroup section */
		3F222C2F16E9D782004CE15F /* InfoPlist.strings */ = {
			isa = PBXVariantGroup;
			children = (
				3F222C3016E9D782004CE15F /* en */,
			);
			name = InfoPlist.strings;
			sourceTree = "<group>";
		};
		3FC4CEF4172BBE4500510EF1 /* InfoPlist.strings */ = {
			isa = PBXVariantGroup;
			children = (
				3FC4CEF5172BBE4500510EF1 /* en */,
			);
			name = InfoPlist.strings;
			sourceTree = "<group>";
		};
/* End PBXVariantGroup section */

/* Begin XCBuildConfiguration section */
		3F222C5316E9D782004CE15F /* Debug */ = {
			isa = XCBuildConfiguration;
			buildSettings = {
				ALWAYS_SEARCH_USER_PATHS = NO;
				CLANG_CXX_LANGUAGE_STANDARD = "gnu++0x";
				CLANG_CXX_LIBRARY = "libc++";
				CLANG_WARN_EMPTY_BODY = YES;
				CLANG_WARN__DUPLICATE_METHOD_MATCH = YES;
				"CODE_SIGN_IDENTITY[sdk=iphoneos*]" = "iPhone Developer";
				COPY_PHASE_STRIP = NO;
				GCC_C_LANGUAGE_STANDARD = gnu99;
				GCC_DYNAMIC_NO_PIC = NO;
				GCC_OPTIMIZATION_LEVEL = 0;
				GCC_PREPROCESSOR_DEFINITIONS = (
					"DEBUG=1",
					"$(inherited)",
				);
				GCC_SYMBOLS_PRIVATE_EXTERN = NO;
				GCC_WARN_ABOUT_RETURN_TYPE = YES;
				GCC_WARN_UNINITIALIZED_AUTOS = YES;
				GCC_WARN_UNUSED_VARIABLE = YES;
				IPHONEOS_DEPLOYMENT_TARGET = 6.0;
				SDKROOT = iphoneos;
				TARGETED_DEVICE_FAMILY = "1,2";
			};
			name = Debug;
		};
		3F222C5416E9D782004CE15F /* Release */ = {
			isa = XCBuildConfiguration;
			buildSettings = {
				ALWAYS_SEARCH_USER_PATHS = NO;
				CLANG_CXX_LANGUAGE_STANDARD = "gnu++0x";
				CLANG_CXX_LIBRARY = "libc++";
				CLANG_WARN_EMPTY_BODY = YES;
				CLANG_WARN__DUPLICATE_METHOD_MATCH = YES;
				"CODE_SIGN_IDENTITY[sdk=iphoneos*]" = "iPhone Developer";
				COPY_PHASE_STRIP = YES;
				GCC_C_LANGUAGE_STANDARD = gnu99;
				GCC_WARN_ABOUT_RETURN_TYPE = YES;
				GCC_WARN_UNINITIALIZED_AUTOS = YES;
				GCC_WARN_UNUSED_VARIABLE = YES;
				IPHONEOS_DEPLOYMENT_TARGET = 6.0;
				OTHER_CFLAGS = "-DNS_BLOCK_ASSERTIONS=1";
				SDKROOT = iphoneos;
				TARGETED_DEVICE_FAMILY = "1,2";
				VALIDATE_PRODUCT = YES;
			};
			name = Release;
		};
		3F222C5616E9D782004CE15F /* Debug */ = {
			isa = XCBuildConfiguration;
			buildSettings = {
				GCC_PRECOMPILE_PREFIX_HEADER = YES;
				GCC_PREFIX_HEADER = "Weido/Weido-Prefix.pch";
				INFOPLIST_FILE = "Weido/Weido-Info.plist";
				PRODUCT_NAME = "$(TARGET_NAME)";
				WRAPPER_EXTENSION = app;
			};
			name = Debug;
		};
		3F222C5716E9D782004CE15F /* Release */ = {
			isa = XCBuildConfiguration;
			buildSettings = {
				GCC_PRECOMPILE_PREFIX_HEADER = YES;
				GCC_PREFIX_HEADER = "Weido/Weido-Prefix.pch";
				INFOPLIST_FILE = "Weido/Weido-Info.plist";
				PRODUCT_NAME = "$(TARGET_NAME)";
				WRAPPER_EXTENSION = app;
			};
			name = Release;
		};
		3FC4CF03172BBE4500510EF1 /* Debug */ = {
			isa = XCBuildConfiguration;
			buildSettings = {
				"CODE_SIGN_IDENTITY[sdk=iphoneos*]" = "iPhone Developer";
				FRAMEWORK_SEARCH_PATHS = (
					"$(inherited)",
					"\"$(SRCROOT)\"",
				);
				GCC_PRECOMPILE_PREFIX_HEADER = YES;
				GCC_PREFIX_HEADER = "test/test-Prefix.pch";
				HEADER_SEARCH_PATHS = "\"$(SRCROOT)/Libraries\"/**";
				INFOPLIST_FILE = "test/test-Info.plist";
				LIBRARY_SEARCH_PATHS = (
					"$(inherited)",
					"\"$(SRCROOT)\"",
					"\"$(SRCROOT)/Libraries\"/**",
				);
				OTHER_LDFLAGS = (
					"-all_load",
					"-ObjC",
				);
				PRODUCT_NAME = "$(TARGET_NAME)";
				WRAPPER_EXTENSION = app;
			};
			name = Debug;
		};
		3FC4CF04172BBE4500510EF1 /* Release */ = {
			isa = XCBuildConfiguration;
			buildSettings = {
				"CODE_SIGN_IDENTITY[sdk=iphoneos*]" = "iPhone Developer";
				FRAMEWORK_SEARCH_PATHS = (
					"$(inherited)",
					"\"$(SRCROOT)\"",
				);
				GCC_PRECOMPILE_PREFIX_HEADER = YES;
				GCC_PREFIX_HEADER = "test/test-Prefix.pch";
				HEADER_SEARCH_PATHS = "\"$(SRCROOT)/Libraries\"/**";
				INFOPLIST_FILE = "test/test-Info.plist";
				LIBRARY_SEARCH_PATHS = (
					"$(inherited)",
					"\"$(SRCROOT)\"",
					"\"$(SRCROOT)/Libraries\"/**",
				);
				OTHER_LDFLAGS = (
					"-all_load",
					"-ObjC",
				);
				PRODUCT_NAME = "$(TARGET_NAME)";
				WRAPPER_EXTENSION = app;
			};
			name = Release;
		};
/* End XCBuildConfiguration section */

/* Begin XCConfigurationList section */
		3F222C1C16E9D782004CE15F /* Build configuration list for PBXProject "Weido" */ = {
			isa = XCConfigurationList;
			buildConfigurations = (
				3F222C5316E9D782004CE15F /* Debug */,
				3F222C5416E9D782004CE15F /* Release */,
			);
			defaultConfigurationIsVisible = 0;
			defaultConfigurationName = Release;
		};
		3F222C5516E9D782004CE15F /* Build configuration list for PBXNativeTarget "Weido" */ = {
			isa = XCConfigurationList;
			buildConfigurations = (
				3F222C5616E9D782004CE15F /* Debug */,
				3F222C5716E9D782004CE15F /* Release */,
			);
			defaultConfigurationIsVisible = 0;
			defaultConfigurationName = Release;
		};
		3FC4CF05172BBE4500510EF1 /* Build configuration list for PBXNativeTarget "test" */ = {
			isa = XCConfigurationList;
			buildConfigurations = (
				3FC4CF03172BBE4500510EF1 /* Debug */,
				3FC4CF04172BBE4500510EF1 /* Release */,
			);
			defaultConfigurationIsVisible = 0;
		};
/* End XCConfigurationList section */

/* Begin XCVersionGroup section */
		3F222C7A16E9D83A004CE15F /* Weido.xcdatamodeld */ = {
			isa = XCVersionGroup;
			children = (
				3F222C7B16E9D83A004CE15F /* Todo.xcdatamodel */,
			);
			currentVersion = 3F222C7B16E9D83A004CE15F /* Todo.xcdatamodel */;
			path = Weido.xcdatamodeld;
			sourceTree = "<group>";
			versionGroupType = wrapper.xcdatamodel;
		};
/* End XCVersionGroup section */
	};
	rootObject = 3F222C1916E9D782004CE15F /* Project object */;
}
